
Microsoft Visual Studio Solution File, Format Version 12.00
# Visual Studio 15
VisualStudioVersion = 15.0.28307.572
MinimumVisualStudioVersion = 10.0.40219.1
Project("{F184B08F-C81C-45F6-A57F-5ABD9991F28F}") = "AhoraEs", "AhoraEs\AhoraEs.vbproj", "{943A10A1-4CC2-4CC8-BB27-158174AD0A6A}"
EndProject
Project("{F184B08F-C81C-45F6-A57F-5ABD9991F28F}") = "Nueva_Fecha", "Nueva_Fecha\Nueva_Fecha.vbproj", "{A49DB597-2153-47E8-8C26-87756B5F7CBE}"
EndProject
Project("{F184B08F-C81C-45F6-A57F-5ABD9991F28F}") = "Hipotenusa", "Hipotenusa\Hipotenusa.vbproj", "{E518DBE6-205E-44A5-951F-303D937D18B8}"
EndProject
Global
	GlobalSection(SolutionConfigurationPlatforms) = preSolution
		Debug|Any CPU = Debug|Any CPU
		Release|Any CPU = Release|Any CPU
	EndGlobalSection
	GlobalSection(ProjectConfigurationPlatforms) = postSolution
		{943A10A1-4CC2-4CC8-BB27-158174AD0A6A}.Debug|Any CPU.ActiveCfg = Debug|Any CPU
		{943A10A1-4CC2-4CC8-BB27-158174AD0A6A}.Debug|Any CPU.Build.0 = Debug|Any CPU
		{943A10A1-4CC2-4CC8-BB27-158174AD0A6A}.Release|Any CPU.ActiveCfg = Release|Any CPU
		{943A10A1-4CC2-4CC8-BB27-158174AD0A6A}.Release|Any CPU.Build.0 = Release|Any CPU
		{A49DB597-2153-47E8-8C26-87756B5F7CBE}.Debug|Any CPU.ActiveCfg = Debug|Any CPU
		{A49DB597-2153-47E8-8C26-87756B5F7CBE}.Debug|Any CPU.Build.0 = Debug|Any CPU
		{A49DB597-2153-47E8-8C26-87756B5F7CBE}.Release|Any CPU.ActiveCfg = Release|Any CPU
		{A49DB597-2153-47E8-8C26-87756B5F7CBE}.Release|Any CPU.Build.0 = Release|Any CPU
		{E518DBE6-205E-44A5-951F-303D937D18B8}.Debug|Any CPU.ActiveCfg = Debug|Any CPU
		{E518DBE6-205E-44A5-951F-303D937D18B8}.Debug|Any CPU.Build.0 = Debug|Any CPU
		{E518DBE6-205E-44A5-951F-303D937D18B8}.Release|Any CPU.ActiveCfg = Release|Any CPU
		{E518DBE6-205E-44A5-951F-303D937D18B8}.Release|Any CPU.Build.0 = Release|Any CPU
	EndGlobalSection
	GlobalSection(SolutionProperties) = preSolution
		HideSolutionNode = FALSE
	EndGlobalSection
	GlobalSection(ExtensibilityGlobals) = postSolution
		SolutionGuid = {0F8586AC-5506-45C2-8D0A-CF6856206254}
	EndGlobalSection
EndGlobal
